
Microsoft Visual Studio Solution File, Format Version 12.00
# Visual Studio Version 17
VisualStudioVersion = 17.2.32526.322
MinimumVisualStudioVersion = 10.0.40219.1
Project("{8BC9CEB8-8B4A-11D0-8D11-00A0C91BC942}") = "validate-bst", "validate-bst\validate-bst.vcxproj", "{D63B0E9C-BB86-483D-82EA-4C5F762391B8}"
EndProject
Global
	GlobalSection(SolutionConfigurationPlatforms) = preSolution
		Debug|x64 = Debug|x64
		Debug|x86 = Debug|x86
		Release|x64 = Release|x64
		Release|x86 = Release|x86
	EndGlobalSection
	GlobalSection(ProjectConfigurationPlatforms) = postSolution
		{D63B0E9C-BB86-483D-82EA-4C5F762391B8}.Debug|x64.ActiveCfg = Debug|x64
		{D63B0E9C-BB86-483D-82EA-4C5F762391B8}.Debug|x64.Build.0 = Debug|x64
		{D63B0E9C-BB86-483D-82EA-4C5F762391B8}.Debug|x86.ActiveCfg = Debug|Win32
		{D63B0E9C-BB86-483D-82EA-4C5F762391B8}.Debug|x86.Build.0 = Debug|Win32
		{D63B0E9C-BB86-483D-82EA-4C5F762391B8}.Release|x64.ActiveCfg = Release|x64
		{D63B0E9C-BB86-483D-82EA-4C5F762391B8}.Release|x64.Build.0 = Release|x64
		{D63B0E9C-BB86-483D-82EA-4C5F762391B8}.Release|x86.ActiveCfg = Release|Win32
		{D63B0E9C-BB86-483D-82EA-4C5F762391B8}.Release|x86.Build.0 = Release|Win32
	EndGlobalSection
	GlobalSection(SolutionProperties) = preSolution
		HideSolutionNode = FALSE
	EndGlobalSection
	GlobalSection(ExtensibilityGlobals) = postSolution
		SolutionGuid = {2D15009C-CC59-45A4-98BF-7DEF4D62E5AD}
	EndGlobalSection
EndGlobal
